
Microsoft Visual Studio Solution File, Format Version 12.00
# Visual Studio 2017
Project("{FAE04EC0-301F-11D3-BF4B-00C04F79EFBC}") = "test_project", "test_project.csproj", "{94F80305-9175-2A2D-DD6F-CAEC12DDBDB4}"
EndProject
Project("{FAE04EC0-301F-11D3-BF4B-00C04F79EFBC}") = "test_project.Plugins", "test_project.Plugins.csproj", "{135A688A-3018-377C-3A33-9636D4EF7789}"
EndProject
Project("{FAE04EC0-301F-11D3-BF4B-00C04F79EFBC}") = "test_project.Editor.Plugins", "test_project.Editor.Plugins.csproj", "{C4BEA089-547A-7ED5-94D5-425D9031C0C6}"
EndProject
Project("{FAE04EC0-301F-11D3-BF4B-00C04F79EFBC}") = "test_project.Editor", "test_project.Editor.csproj", "{DF531BE3-3B9B-A95F-18C9-070AF7A01054}"
EndProject
Global
	GlobalSection(SolutionConfigurationPlatforms) = preSolution
		Debug|Any CPU = Debug|Any CPU
		Release|Any CPU = Release|Any CPU
	EndGlobalSection
	GlobalSection(ProjectConfigurationPlatforms) = postSolution
		{94F80305-9175-2A2D-DD6F-CAEC12DDBDB4}.Debug|Any CPU.ActiveCfg = Debug|Any CPU
		{94F80305-9175-2A2D-DD6F-CAEC12DDBDB4}.Debug|Any CPU.Build.0 = Debug|Any CPU
		{94F80305-9175-2A2D-DD6F-CAEC12DDBDB4}.Release|Any CPU.ActiveCfg = Release|Any CPU
		{94F80305-9175-2A2D-DD6F-CAEC12DDBDB4}.Release|Any CPU.Build.0 = Release|Any CPU
		{135A688A-3018-377C-3A33-9636D4EF7789}.Debug|Any CPU.ActiveCfg = Debug|Any CPU
		{135A688A-3018-377C-3A33-9636D4EF7789}.Debug|Any CPU.Build.0 = Debug|Any CPU
		{135A688A-3018-377C-3A33-9636D4EF7789}.Release|Any CPU.ActiveCfg = Release|Any CPU
		{135A688A-3018-377C-3A33-9636D4EF7789}.Release|Any CPU.Build.0 = Release|Any CPU
		{C4BEA089-547A-7ED5-94D5-425D9031C0C6}.Debug|Any CPU.ActiveCfg = Debug|Any CPU
		{C4BEA089-547A-7ED5-94D5-425D9031C0C6}.Debug|Any CPU.Build.0 = Debug|Any CPU
		{C4BEA089-547A-7ED5-94D5-425D9031C0C6}.Release|Any CPU.ActiveCfg = Release|Any CPU
		{C4BEA089-547A-7ED5-94D5-425D9031C0C6}.Release|Any CPU.Build.0 = Release|Any CPU
		{DF531BE3-3B9B-A95F-18C9-070AF7A01054}.Debug|Any CPU.ActiveCfg = Debug|Any CPU
		{DF531BE3-3B9B-A95F-18C9-070AF7A01054}.Debug|Any CPU.Build.0 = Debug|Any CPU
		{DF531BE3-3B9B-A95F-18C9-070AF7A01054}.Release|Any CPU.ActiveCfg = Release|Any CPU
		{DF531BE3-3B9B-A95F-18C9-070AF7A01054}.Release|Any CPU.Build.0 = Release|Any CPU
	EndGlobalSection
	GlobalSection(SolutionProperties) = preSolution
		HideSolutionNode = FALSE
	EndGlobalSection
EndGlobal
